
Microsoft Visual Studio Solution File, Format Version 12.00
# Visual Studio 15
VisualStudioVersion = 15.0.27701.1
MinimumVisualStudioVersion = 10.0.40219.1
Project("{2150E333-8FDC-42A3-9474-1A3956D46DE8}") = "UWP", "UWP", "{CC95AB06-D8E9-449A-8E1A-BF6F3E97EFC5}"
EndProject
Project("{2150E333-8FDC-42A3-9474-1A3956D46DE8}") = "Backend", "Backend", "{2AD5221D-F894-4840-A079-E172A2004E27}"
EndProject
Project("{9A19103F-16F7-4668-BE54-9A1E7A4F7556}") = "API", "Backend\Api\API.csproj", "{05C3B2E0-CBB1-4CD5-A180-759E7D0E2042}"
EndProject
Project("{9A19103F-16F7-4668-BE54-9A1E7A4F7556}") = "Models", "Backend\Models\Models.csproj", "{EB2DB381-573F-4866-A7D6-352DF3D89493}"
EndProject
Project("{9A19103F-16F7-4668-BE54-9A1E7A4F7556}") = "WebSite", "Backend\WebSite\WebSite.csproj", "{B720B7BE-8F52-4C6A-8F2C-425A40711654}"
EndProject
Project("{FAE04EC0-301F-11D3-BF4B-00C04F79EFBC}") = "ProjetoRussia.UWP", "UWP\ProjetoRussia.UWP\ProjetoRussia.UWP.csproj", "{F2002626-D406-4343-97C5-F32E550C48B2}"
EndProject
Global
	GlobalSection(SolutionConfigurationPlatforms) = preSolution
		Debug|Any CPU = Debug|Any CPU
		Debug|ARM = Debug|ARM
		Debug|x64 = Debug|x64
		Debug|x86 = Debug|x86
		Release|Any CPU = Release|Any CPU
		Release|ARM = Release|ARM
		Release|x64 = Release|x64
		Release|x86 = Release|x86
	EndGlobalSection
	GlobalSection(ProjectConfigurationPlatforms) = postSolution
		{05C3B2E0-CBB1-4CD5-A180-759E7D0E2042}.Debug|Any CPU.ActiveCfg = Debug|Any CPU
		{05C3B2E0-CBB1-4CD5-A180-759E7D0E2042}.Debug|Any CPU.Build.0 = Debug|Any CPU
		{05C3B2E0-CBB1-4CD5-A180-759E7D0E2042}.Debug|ARM.ActiveCfg = Debug|Any CPU
		{05C3B2E0-CBB1-4CD5-A180-759E7D0E2042}.Debug|ARM.Build.0 = Debug|Any CPU
		{05C3B2E0-CBB1-4CD5-A180-759E7D0E2042}.Debug|x64.ActiveCfg = Debug|Any CPU
		{05C3B2E0-CBB1-4CD5-A180-759E7D0E2042}.Debug|x64.Build.0 = Debug|Any CPU
		{05C3B2E0-CBB1-4CD5-A180-759E7D0E2042}.Debug|x86.ActiveCfg = Debug|Any CPU
		{05C3B2E0-CBB1-4CD5-A180-759E7D0E2042}.Debug|x86.Build.0 = Debug|Any CPU
		{05C3B2E0-CBB1-4CD5-A180-759E7D0E2042}.Release|Any CPU.ActiveCfg = Release|Any CPU
		{05C3B2E0-CBB1-4CD5-A180-759E7D0E2042}.Release|Any CPU.Build.0 = Release|Any CPU
		{05C3B2E0-CBB1-4CD5-A180-759E7D0E2042}.Release|ARM.ActiveCfg = Release|Any CPU
		{05C3B2E0-CBB1-4CD5-A180-759E7D0E2042}.Release|ARM.Build.0 = Release|Any CPU
		{05C3B2E0-CBB1-4CD5-A180-759E7D0E2042}.Release|x64.ActiveCfg = Release|Any CPU
		{05C3B2E0-CBB1-4CD5-A180-759E7D0E2042}.Release|x64.Build.0 = Release|Any CPU
		{05C3B2E0-CBB1-4CD5-A180-759E7D0E2042}.Release|x86.ActiveCfg = Release|Any CPU
		{05C3B2E0-CBB1-4CD5-A180-759E7D0E2042}.Release|x86.Build.0 = Release|Any CPU
		{EB2DB381-573F-4866-A7D6-352DF3D89493}.Debug|Any CPU.ActiveCfg = Debug|Any CPU
		{EB2DB381-573F-4866-A7D6-352DF3D89493}.Debug|Any CPU.Build.0 = Debug|Any CPU
		{EB2DB381-573F-4866-A7D6-352DF3D89493}.Debug|ARM.ActiveCfg = Debug|Any CPU
		{EB2DB381-573F-4866-A7D6-352DF3D89493}.Debug|ARM.Build.0 = Debug|Any CPU
		{EB2DB381-573F-4866-A7D6-352DF3D89493}.Debug|x64.ActiveCfg = Debug|Any CPU
		{EB2DB381-573F-4866-A7D6-352DF3D89493}.Debug|x64.Build.0 = Debug|Any CPU
		{EB2DB381-573F-4866-A7D6-352DF3D89493}.Debug|x86.ActiveCfg = Debug|Any CPU
		{EB2DB381-573F-4866-A7D6-352DF3D89493}.Debug|x86.Build.0 = Debug|Any CPU
		{EB2DB381-573F-4866-A7D6-352DF3D89493}.Release|Any CPU.ActiveCfg = Release|Any CPU
		{EB2DB381-573F-4866-A7D6-352DF3D89493}.Release|Any CPU.Build.0 = Release|Any CPU
		{EB2DB381-573F-4866-A7D6-352DF3D89493}.Release|ARM.ActiveCfg = Release|Any CPU
		{EB2DB381-573F-4866-A7D6-352DF3D89493}.Release|ARM.Build.0 = Release|Any CPU
		{EB2DB381-573F-4866-A7D6-352DF3D89493}.Release|x64.ActiveCfg = Release|Any CPU
		{EB2DB381-573F-4866-A7D6-352DF3D89493}.Release|x64.Build.0 = Release|Any CPU
		{EB2DB381-573F-4866-A7D6-352DF3D89493}.Release|x86.ActiveCfg = Release|Any CPU
		{EB2DB381-573F-4866-A7D6-352DF3D89493}.Release|x86.Build.0 = Release|Any CPU
		{B720B7BE-8F52-4C6A-8F2C-425A40711654}.Debug|Any CPU.ActiveCfg = Debug|Any CPU
		{B720B7BE-8F52-4C6A-8F2C-425A40711654}.Debug|Any CPU.Build.0 = Debug|Any CPU
		{B720B7BE-8F52-4C6A-8F2C-425A40711654}.Debug|ARM.ActiveCfg = Debug|Any CPU
		{B720B7BE-8F52-4C6A-8F2C-425A40711654}.Debug|ARM.Build.0 = Debug|Any CPU
		{B720B7BE-8F52-4C6A-8F2C-425A40711654}.Debug|x64.ActiveCfg = Debug|Any CPU
		{B720B7BE-8F52-4C6A-8F2C-425A40711654}.Debug|x64.Build.0 = Debug|Any CPU
		{B720B7BE-8F52-4C6A-8F2C-425A40711654}.Debug|x86.ActiveCfg = Debug|Any CPU
		{B720B7BE-8F52-4C6A-8F2C-425A40711654}.Debug|x86.Build.0 = Debug|Any CPU
		{B720B7BE-8F52-4C6A-8F2C-425A40711654}.Release|Any CPU.ActiveCfg = Release|Any CPU
		{B720B7BE-8F52-4C6A-8F2C-425A40711654}.Release|Any CPU.Build.0 = Release|Any CPU
		{B720B7BE-8F52-4C6A-8F2C-425A40711654}.Release|ARM.ActiveCfg = Release|Any CPU
		{B720B7BE-8F52-4C6A-8F2C-425A40711654}.Release|ARM.Build.0 = Release|Any CPU
		{B720B7BE-8F52-4C6A-8F2C-425A40711654}.Release|x64.ActiveCfg = Release|Any CPU
		{B720B7BE-8F52-4C6A-8F2C-425A40711654}.Release|x64.Build.0 = Release|Any CPU
		{B720B7BE-8F52-4C6A-8F2C-425A40711654}.Release|x86.ActiveCfg = Release|Any CPU
		{B720B7BE-8F52-4C6A-8F2C-425A40711654}.Release|x86.Build.0 = Release|Any CPU
		{F2002626-D406-4343-97C5-F32E550C48B2}.Debug|Any CPU.ActiveCfg = Debug|x86
		{F2002626-D406-4343-97C5-F32E550C48B2}.Debug|ARM.ActiveCfg = Debug|ARM
		{F2002626-D406-4343-97C5-F32E550C48B2}.Debug|ARM.Build.0 = Debug|ARM
		{F2002626-D406-4343-97C5-F32E550C48B2}.Debug|ARM.Deploy.0 = Debug|ARM
		{F2002626-D406-4343-97C5-F32E550C48B2}.Debug|x64.ActiveCfg = Debug|x64
		{F2002626-D406-4343-97C5-F32E550C48B2}.Debug|x64.Build.0 = Debug|x64
		{F2002626-D406-4343-97C5-F32E550C48B2}.Debug|x64.Deploy.0 = Debug|x64
		{F2002626-D406-4343-97C5-F32E550C48B2}.Debug|x86.ActiveCfg = Debug|x86
		{F2002626-D406-4343-97C5-F32E550C48B2}.Debug|x86.Build.0 = Debug|x86
		{F2002626-D406-4343-97C5-F32E550C48B2}.Debug|x86.Deploy.0 = Debug|x86
		{F2002626-D406-4343-97C5-F32E550C48B2}.Release|Any CPU.ActiveCfg = Release|x86
		{F2002626-D406-4343-97C5-F32E550C48B2}.Release|ARM.ActiveCfg = Release|ARM
		{F2002626-D406-4343-97C5-F32E550C48B2}.Release|ARM.Build.0 = Release|ARM
		{F2002626-D406-4343-97C5-F32E550C48B2}.Release|ARM.Deploy.0 = Release|ARM
		{F2002626-D406-4343-97C5-F32E550C48B2}.Release|x64.ActiveCfg = Release|x64
		{F2002626-D406-4343-97C5-F32E550C48B2}.Release|x64.Build.0 = Release|x64
		{F2002626-D406-4343-97C5-F32E550C48B2}.Release|x64.Deploy.0 = Release|x64
		{F2002626-D406-4343-97C5-F32E550C48B2}.Release|x86.ActiveCfg = Release|x86
		{F2002626-D406-4343-97C5-F32E550C48B2}.Release|x86.Build.0 = Release|x86
		{F2002626-D406-4343-97C5-F32E550C48B2}.Release|x86.Deploy.0 = Release|x86
	EndGlobalSection
	GlobalSection(SolutionProperties) = preSolution
		HideSolutionNode = FALSE
	EndGlobalSection
	GlobalSection(NestedProjects) = preSolution
		{05C3B2E0-CBB1-4CD5-A180-759E7D0E2042} = {2AD5221D-F894-4840-A079-E172A2004E27}
		{EB2DB381-573F-4866-A7D6-352DF3D89493} = {2AD5221D-F894-4840-A079-E172A2004E27}
		{B720B7BE-8F52-4C6A-8F2C-425A40711654} = {2AD5221D-F894-4840-A079-E172A2004E27}
		{F2002626-D406-4343-97C5-F32E550C48B2} = {CC95AB06-D8E9-449A-8E1A-BF6F3E97EFC5}
	EndGlobalSection
	GlobalSection(ExtensibilityGlobals) = postSolution
		SolutionGuid = {76C537F7-007F-4CD6-9580-DA0ED30886F4}
	EndGlobalSection
EndGlobal
